
Microsoft Visual Studio Solution File, Format Version 12.00
Project("{2150E333-8FDC-42A3-9474-1A3956D46DE8}") = "Hotel", "Hotel", "{EE691FC1-3889-4C72-B587-C11B27F2CCF6}"
EndProject
Project("{2150E333-8FDC-42A3-9474-1A3956D46DE8}") = "Raport", "Raport", "{66188A8A-B8BB-4FAF-8A08-C77CE53EA421}"
EndProject
Project("{2150E333-8FDC-42A3-9474-1A3956D46DE8}") = "src", "src", "{12079DEF-9FA8-46F0-8C77-A3583E8EB7D2}"
EndProject
Project("{2150E333-8FDC-42A3-9474-1A3956D46DE8}") = "src", "src", "{CAD225C4-0A46-4AE7-B97A-859FF2B0DD89}"
EndProject
Project("{FAE04EC0-301F-11D3-BF4B-00C04F79EFBC}") = "Hotel.Application", "Hotel\src\Hotel.Application\Hotel.Application.csproj", "{3E2D54CA-52BE-4FC1-BC21-D1FDA2226E17}"
EndProject
Project("{FAE04EC0-301F-11D3-BF4B-00C04F79EFBC}") = "Hotel.Domain", "Hotel\src\Hotel.Domain\Hotel.Domain.csproj", "{87F8D5B7-47A9-45A5-9BB5-65F44613DCF3}"
EndProject
Project("{FAE04EC0-301F-11D3-BF4B-00C04F79EFBC}") = "Hotel.Infrastructure", "Hotel\src\Hotel.Infrastructure\Hotel.Infrastructure.csproj", "{D6B92750-01C3-43FE-A32F-A862F5DDF88C}"
EndProject
Project("{FAE04EC0-301F-11D3-BF4B-00C04F79EFBC}") = "Raport.Application", "Raport\src\Raport.Application\Raport.Application.csproj", "{A88F1D87-01D9-406D-842C-794926D2392B}"
EndProject
Project("{FAE04EC0-301F-11D3-BF4B-00C04F79EFBC}") = "Raport.Domain", "Raport\src\Raport.Domain\Raport.Domain.csproj", "{D667288B-B225-4504-BF0C-3762EBDCA430}"
EndProject
Project("{FAE04EC0-301F-11D3-BF4B-00C04F79EFBC}") = "Raport.Infrastructure", "Raport\src\Raport.Infrastructure\Raport.Infrastructure.csproj", "{D344CA17-CD84-47B1-9602-80B1D4045226}"
EndProject
Project("{FAE04EC0-301F-11D3-BF4B-00C04F79EFBC}") = "Hotel.WebApi", "Hotel\src\Hotel.WebApi\Hotel.WebApi.csproj", "{D719DDA8-2C9E-440C-B72B-ADD4FFCB35E8}"
EndProject
Project("{FAE04EC0-301F-11D3-BF4B-00C04F79EFBC}") = "Raport.WebApi", "Raport\src\Raport.WebApi\Raport.WebApi.csproj", "{B9B5B23D-FA2C-4450-B583-44557D479307}"
EndProject
Project("{2150E333-8FDC-42A3-9474-1A3956D46DE8}") = "Library", "Library", "{5651034E-5990-4D91-8891-6E92D2552492}"
EndProject
Project("{FAE04EC0-301F-11D3-BF4B-00C04F79EFBC}") = "NerdekalComRepository", "Library\NerdekalComRepository\NerdekalComRepository.csproj", "{D7C7540A-C488-4909-B56E-790F23128CE7}"
EndProject
Project("{2150E333-8FDC-42A3-9474-1A3956D46DE8}") = "Solution Items", "Solution Items", "{D31D90AD-8242-4A0E-84BF-3FFCFA116F47}"
	ProjectSection(SolutionItems) = preProject
		docker-compose.yml = docker-compose.yml
	EndProjectSection
EndProject
Global
	GlobalSection(SolutionConfigurationPlatforms) = preSolution
		Debug|Any CPU = Debug|Any CPU
		Release|Any CPU = Release|Any CPU
	EndGlobalSection
	GlobalSection(ProjectConfigurationPlatforms) = postSolution
		{3E2D54CA-52BE-4FC1-BC21-D1FDA2226E17}.Debug|Any CPU.ActiveCfg = Debug|Any CPU
		{3E2D54CA-52BE-4FC1-BC21-D1FDA2226E17}.Debug|Any CPU.Build.0 = Debug|Any CPU
		{3E2D54CA-52BE-4FC1-BC21-D1FDA2226E17}.Release|Any CPU.ActiveCfg = Release|Any CPU
		{3E2D54CA-52BE-4FC1-BC21-D1FDA2226E17}.Release|Any CPU.Build.0 = Release|Any CPU
		{87F8D5B7-47A9-45A5-9BB5-65F44613DCF3}.Debug|Any CPU.ActiveCfg = Debug|Any CPU
		{87F8D5B7-47A9-45A5-9BB5-65F44613DCF3}.Debug|Any CPU.Build.0 = Debug|Any CPU
		{87F8D5B7-47A9-45A5-9BB5-65F44613DCF3}.Release|Any CPU.ActiveCfg = Release|Any CPU
		{87F8D5B7-47A9-45A5-9BB5-65F44613DCF3}.Release|Any CPU.Build.0 = Release|Any CPU
		{D6B92750-01C3-43FE-A32F-A862F5DDF88C}.Debug|Any CPU.ActiveCfg = Debug|Any CPU
		{D6B92750-01C3-43FE-A32F-A862F5DDF88C}.Debug|Any CPU.Build.0 = Debug|Any CPU
		{D6B92750-01C3-43FE-A32F-A862F5DDF88C}.Release|Any CPU.ActiveCfg = Release|Any CPU
		{D6B92750-01C3-43FE-A32F-A862F5DDF88C}.Release|Any CPU.Build.0 = Release|Any CPU
		{A88F1D87-01D9-406D-842C-794926D2392B}.Debug|Any CPU.ActiveCfg = Debug|Any CPU
		{A88F1D87-01D9-406D-842C-794926D2392B}.Debug|Any CPU.Build.0 = Debug|Any CPU
		{A88F1D87-01D9-406D-842C-794926D2392B}.Release|Any CPU.ActiveCfg = Release|Any CPU
		{A88F1D87-01D9-406D-842C-794926D2392B}.Release|Any CPU.Build.0 = Release|Any CPU
		{D667288B-B225-4504-BF0C-3762EBDCA430}.Debug|Any CPU.ActiveCfg = Debug|Any CPU
		{D667288B-B225-4504-BF0C-3762EBDCA430}.Debug|Any CPU.Build.0 = Debug|Any CPU
		{D667288B-B225-4504-BF0C-3762EBDCA430}.Release|Any CPU.ActiveCfg = Release|Any CPU
		{D667288B-B225-4504-BF0C-3762EBDCA430}.Release|Any CPU.Build.0 = Release|Any CPU
		{D344CA17-CD84-47B1-9602-80B1D4045226}.Debug|Any CPU.ActiveCfg = Debug|Any CPU
		{D344CA17-CD84-47B1-9602-80B1D4045226}.Debug|Any CPU.Build.0 = Debug|Any CPU
		{D344CA17-CD84-47B1-9602-80B1D4045226}.Release|Any CPU.ActiveCfg = Release|Any CPU
		{D344CA17-CD84-47B1-9602-80B1D4045226}.Release|Any CPU.Build.0 = Release|Any CPU
		{D719DDA8-2C9E-440C-B72B-ADD4FFCB35E8}.Debug|Any CPU.ActiveCfg = Debug|Any CPU
		{D719DDA8-2C9E-440C-B72B-ADD4FFCB35E8}.Debug|Any CPU.Build.0 = Debug|Any CPU
		{D719DDA8-2C9E-440C-B72B-ADD4FFCB35E8}.Release|Any CPU.ActiveCfg = Release|Any CPU
		{D719DDA8-2C9E-440C-B72B-ADD4FFCB35E8}.Release|Any CPU.Build.0 = Release|Any CPU
		{B9B5B23D-FA2C-4450-B583-44557D479307}.Debug|Any CPU.ActiveCfg = Debug|Any CPU
		{B9B5B23D-FA2C-4450-B583-44557D479307}.Debug|Any CPU.Build.0 = Debug|Any CPU
		{B9B5B23D-FA2C-4450-B583-44557D479307}.Release|Any CPU.ActiveCfg = Release|Any CPU
		{B9B5B23D-FA2C-4450-B583-44557D479307}.Release|Any CPU.Build.0 = Release|Any CPU
		{D7C7540A-C488-4909-B56E-790F23128CE7}.Debug|Any CPU.ActiveCfg = Debug|Any CPU
		{D7C7540A-C488-4909-B56E-790F23128CE7}.Debug|Any CPU.Build.0 = Debug|Any CPU
		{D7C7540A-C488-4909-B56E-790F23128CE7}.Release|Any CPU.ActiveCfg = Release|Any CPU
		{D7C7540A-C488-4909-B56E-790F23128CE7}.Release|Any CPU.Build.0 = Release|Any CPU
	EndGlobalSection
	GlobalSection(NestedProjects) = preSolution
		{12079DEF-9FA8-46F0-8C77-A3583E8EB7D2} = {EE691FC1-3889-4C72-B587-C11B27F2CCF6}
		{CAD225C4-0A46-4AE7-B97A-859FF2B0DD89} = {66188A8A-B8BB-4FAF-8A08-C77CE53EA421}
		{3E2D54CA-52BE-4FC1-BC21-D1FDA2226E17} = {12079DEF-9FA8-46F0-8C77-A3583E8EB7D2}
		{87F8D5B7-47A9-45A5-9BB5-65F44613DCF3} = {12079DEF-9FA8-46F0-8C77-A3583E8EB7D2}
		{D6B92750-01C3-43FE-A32F-A862F5DDF88C} = {12079DEF-9FA8-46F0-8C77-A3583E8EB7D2}
		{A88F1D87-01D9-406D-842C-794926D2392B} = {CAD225C4-0A46-4AE7-B97A-859FF2B0DD89}
		{D667288B-B225-4504-BF0C-3762EBDCA430} = {CAD225C4-0A46-4AE7-B97A-859FF2B0DD89}
		{D344CA17-CD84-47B1-9602-80B1D4045226} = {CAD225C4-0A46-4AE7-B97A-859FF2B0DD89}
		{D719DDA8-2C9E-440C-B72B-ADD4FFCB35E8} = {12079DEF-9FA8-46F0-8C77-A3583E8EB7D2}
		{B9B5B23D-FA2C-4450-B583-44557D479307} = {CAD225C4-0A46-4AE7-B97A-859FF2B0DD89}
		{D7C7540A-C488-4909-B56E-790F23128CE7} = {5651034E-5990-4D91-8891-6E92D2552492}
	EndGlobalSection
EndGlobal
